// !$*UTF8*$!
{
	archiveVersion = 1;
	classes = {
	};
	objectVersion = 46;
	objects = {

/* Begin PBXBuildFile section */
		303951101A585F6C00B09439 /* main.m in Sources */ = {isa = PBXBuildFile; fileRef = 3039510F1A585F6C00B09439 /* main.m */; };
		303951131A585F6C00B09439 /* AppDelegate.m in Sources */ = {isa = PBXBuildFile; fileRef = 303951121A585F6C00B09439 /* AppDelegate.m */; };
		303951161A585F6C00B09439 /* ViewController.m in Sources */ = {isa = PBXBuildFile; fileRef = 303951151A585F6C00B09439 /* ViewController.m */; };
		303951191A585F6C00B09439 /* Main.storyboard in Resources */ = {isa = PBXBuildFile; fileRef = 303951171A585F6C00B09439 /* Main.storyboard */; };
		3039511B1A585F6C00B09439 /* Images.xcassets in Resources */ = {isa = PBXBuildFile; fileRef = 3039511A1A585F6C00B09439 /* Images.xcassets */; };
		3039511E1A585F6C00B09439 /* LaunchScreen.xib in Resources */ = {isa = PBXBuildFile; fileRef = 3039511C1A585F6C00B09439 /* LaunchScreen.xib */; };
		3039512A1A585F6C00B09439 /* _Tests.m in Sources */ = {isa = PBXBuildFile; fileRef = 303951291A585F6C00B09439 /* _Tests.m */; };
/* End PBXBuildFile section */

/* Begin PBXContainerItemProxy section */
		303951241A585F6C00B09439 /* PBXContainerItemProxy */ = {
			isa = PBXContainerItemProxy;
			containerPortal = 303951021A585F6C00B09439 /* Project object */;
			proxyType = 1;
			remoteGlobalIDString = 303951091A585F6C00B09439;
			remoteInfo = 1;
		};
/* End PBXContainerItemProxy section */

/* Begin PBXFileReference section */
		3039510A1A585F6C00B09439 /* 1.app */ = {isa = PBXFileReference; explicitFileType = wrapper.application; includeInIndex = 0; path = 1.app; sourceTree = BUILT_PRODUCTS_DIR; };
		3039510E1A585F6C00B09439 /* Info.plist */ = {isa = PBXFileReference; lastKnownFileType = text.plist.xml; path = Info.plist; sourceTree = "<group>"; };
		3039510F1A585F6C00B09439 /* main.m */ = {isa = PBXFileReference; lastKnownFileType = sourcecode.c.objc; path = main.m; sourceTree = "<group>"; };
		303951111A585F6C00B09439 /* AppDelegate.h */ = {isa = PBXFileReference; lastKnownFileType = sourcecode.c.h; path = AppDelegate.h; sourceTree = "<group>"; };
		303951121A585F6C00B09439 /* AppDelegate.m */ = {isa = PBXFileReference; lastKnownFileType = sourcecode.c.objc; path = AppDelegate.m; sourceTree = "<group>"; };
		303951141A585F6C00B09439 /* ViewController.h */ = {isa = PBXFileReference; lastKnownFileType = sourcecode.c.h; path = ViewController.h; sourceTree = "<group>"; };
		303951151A585F6C00B09439 /* ViewController.m */ = {isa = PBXFileReference; lastKnownFileType = sourcecode.c.objc; path = ViewController.m; sourceTree = "<group>"; };
		303951181A585F6C00B09439 /* Base */ = {isa = PBXFileReference; lastKnownFileType = file.storyboard; name = Base; path = Base.lproj/Main.storyboard; sourceTree = "<group>"; };
		3039511A1A585F6C00B09439 /* Images.xcassets */ = {isa = PBXFileReference; lastKnownFileType = folder.assetcatalog; path = Images.xcassets; sourceTree = "<group>"; };
		3039511D1A585F6C00B09439 /* Base */ = {isa = PBXFileReference; lastKnownFileType = file.xib; name = Base; path = Base.lproj/LaunchScreen.xib; sourceTree = "<group>"; };
		303951231A585F6C00B09439 /* 1Tests.xctest */ = {isa = PBXFileReference; explicitFileType = wrapper.cfbundle; includeInIndex = 0; path = 1Tests.xctest; sourceTree = BUILT_PRODUCTS_DIR; };
		303951281A585F6C00B09439 /* Info.plist */ = {isa = PBXFileReference; lastKnownFileType = text.plist.xml; path = Info.plist; sourceTree = "<group>"; };
		303951291A585F6C00B09439 /* _Tests.m */ = {isa = PBXFileReference; lastKnownFileType = sourcecode.c.objc; path = _Tests.m; sourceTree = "<group>"; };
/* End PBXFileReference section */

/* Begin PBXFrameworksBuildPhase section */
		303951071A585F6C00B09439 /* Frameworks */ = {
			isa = PBXFrameworksBuildPhase;
			buildActionMask = 2147483647;
			files = (
			);
			runOnlyForDeploymentPostprocessing = 0;
		};
		303951201A585F6C00B09439 /* Frameworks */ = {
			isa = PBXFrameworksBuildPhase;
			buildActionMask = 2147483647;
			files = (
			);
			runOnlyForDeploymentPostprocessing = 0;
		};
/* End PBXFrameworksBuildPhase section */

/* Begin PBXGroup section */
		303951011A585F6C00B09439 = {
			isa = PBXGroup;
			children = (
				3039510C1A585F6C00B09439 /* 1 */,
				303951261A585F6C00B09439 /* 1Tests */,
				3039510B1A585F6C00B09439 /* Products */,
			);
			sourceTree = "<group>";
		};
		3039510B1A585F6C00B09439 /* Products */ = {
			isa = PBXGroup;
			children = (
				3039510A1A585F6C00B09439 /* 1.app */,
				303951231A585F6C00B09439 /* 1Tests.xctest */,
			);
			name = Products;
			sourceTree = "<group>";
		};
		3039510C1A585F6C00B09439 /* 1 */ = {
			isa = PBXGroup;
			children = (
				303951111A585F6C00B09439 /* AppDelegate.h */,
				303951121A585F6C00B09439 /* AppDelegate.m */,
				303951141A585F6C00B09439 /* ViewController.h */,
				303951151A585F6C00B09439 /* ViewController.m */,
				303951171A585F6C00B09439 /* Main.storyboard */,
				3039511A1A585F6C00B09439 /* Images.xcassets */,
				3039511C1A585F6C00B09439 /* LaunchScreen.xib */,
				3039510D1A585F6C00B09439 /* Supporting Files */,
			);
			path = 1;
			sourceTree = "<group>";
		};
		3039510D1A585F6C00B09439 /* Supporting Files */ = {
			isa = PBXGroup;
			children = (
				3039510E1A585F6C00B09439 /* Info.plist */,
				3039510F1A585F6C00B09439 /* main.m */,
			);
			name = "Supporting Files";
			sourceTree = "<group>";
		};
		303951261A585F6C00B09439 /* 1Tests */ = {
			isa = PBXGroup;
			children = (
				303951291A585F6C00B09439 /* _Tests.m */,
				303951271A585F6C00B09439 /* Supporting Files */,
			);
			path = 1Tests;
			sourceTree = "<group>";
		};
		303951271A585F6C00B09439 /* Supporting Files */ = {
			isa = PBXGroup;
			children = (
				303951281A585F6C00B09439 /* Info.plist */,
			);
			name = "Supporting Files";
			sourceTree = "<group>";
		};
/* End PBXGroup section */

/* Begin PBXNativeTarget section */
		303951091A585F6C00B09439 /* 1 */ = {
			isa = PBXNativeTarget;
			buildConfigurationList = 3039512D1A585F6C00B09439 /* Build configuration list for PBXNativeTarget "1" */;
			buildPhases = (
				303951061A585F6C00B09439 /* Sources */,
				303951071A585F6C00B09439 /* Frameworks */,
				303951081A585F6C00B09439 /* Resources */,
			);
			buildRules = (
			);
			dependencies = (
			);
			name = 1;
			productName = 1;
			productReference = 3039510A1A585F6C00B09439 /* 1.app */;
			productType = "com.apple.product-type.application";
		};
		303951221A585F6C00B09439 /* 1Tests */ = {
			isa = PBXNativeTarget;
			buildConfigurationList = 303951301A585F6C00B09439 /* Build configuration list for PBXNativeTarget "1Tests" */;
			buildPhases = (
				3039511F1A585F6C00B09439 /* Sources */,
				303951201A585F6C00B09439 /* Frameworks */,
				303951211A585F6C00B09439 /* Resources */,
			);
			buildRules = (
			);
			dependencies = (
				303951251A585F6C00B09439 /* PBXTargetDependency */,
			);
			name = 1Tests;
			productName = 1Tests;
			productReference = 303951231A585F6C00B09439 /* 1Tests.xctest */;
			productType = "com.apple.product-type.bundle.unit-test";
		};
/* End PBXNativeTarget section */

/* Begin PBXProject section */
		303951021A585F6C00B09439 /* Project object */ = {
			isa = PBXProject;
			attributes = {
				LastUpgradeCheck = 0610;
				ORGANIZATIONNAME = "Роман Приискалов";
				TargetAttributes = {
					303951091A585F6C00B09439 = {
						CreatedOnToolsVersion = 6.1.1;
					};
					303951221A585F6C00B09439 = {
						CreatedOnToolsVersion = 6.1.1;
						TestTargetID = 303951091A585F6C00B09439;
					};
				};
			};
			buildConfigurationList = 303951051A585F6C00B09439 /* Build configuration list for PBXProject "1" */;
			compatibilityVersion = "Xcode 3.2";
			developmentRegion = English;
			hasScannedForEncodings = 0;
			knownRegions = (
				en,
				Base,
			);
			mainGroup = 303951011A585F6C00B09439;
			productRefGroup = 3039510B1A585F6C00B09439 /* Products */;
			projectDirPath = "";
			projectRoot = "";
			targets = (
				303951091A585F6C00B09439 /* 1 */,
				303951221A585F6C00B09439 /* 1Tests */,
			);
		};
/* End PBXProject section */

/* Begin PBXResourcesBuildPhase section */
		303951081A585F6C00B09439 /* Resources */ = {
			isa = PBXResourcesBuildPhase;
			buildActionMask = 2147483647;
			files = (
				303951191A585F6C00B09439 /* Main.storyboard in Resources */,
				3039511E1A585F6C00B09439 /* LaunchScreen.xib in Resources */,
				3039511B1A585F6C00B09439 /* Images.xcassets in Resources */,
			);
			runOnlyForDeploymentPostprocessing = 0;
		};
		303951211A585F6C00B09439 /* Resources */ = {
			isa = PBXResourcesBuildPhase;
			buildActionMask = 2147483647;
			files = (
			);
			runOnlyForDeploymentPostprocessing = 0;
		};
/* End PBXResourcesBuildPhase section */

/* Begin PBXSourcesBuildPhase section */
		303951061A585F6C00B09439 /* Sources */ = {
			isa = PBXSourcesBuildPhase;
			buildActionMask = 2147483647;
			files = (
				303951161A585F6C00B09439 /* ViewController.m in Sources */,
				303951131A585F6C00B09439 /* AppDelegate.m in Sources */,
				303951101A585F6C00B09439 /* main.m in Sources */,
			);
			runOnlyForDeploymentPostprocessing = 0;
		};
		3039511F1A585F6C00B09439 /* Sources */ = {
			isa = PBXSourcesBuildPhase;
			buildActionMask = 2147483647;
			files = (
				3039512A1A585F6C00B09439 /* _Tests.m in Sources */,
			);
			runOnlyForDeploymentPostprocessing = 0;
		};
/* End PBXSourcesBuildPhase section */

/* Begin PBXTargetDependency section */
		303951251A585F6C00B09439 /* PBXTargetDependency */ = {
			isa = PBXTargetDependency;
			target = 303951091A585F6C00B09439 /* 1 */;
			targetProxy = 303951241A585F6C00B09439 /* PBXContainerItemProxy */;
		};
/* End PBXTargetDependency section */

/* Begin PBXVariantGroup section */
		303951171A585F6C00B09439 /* Main.storyboard */ = {
			isa = PBXVariantGroup;
			children = (
				303951181A585F6C00B09439 /* Base */,
			);
			name = Main.storyboard;
			sourceTree = "<group>";
		};
		3039511C1A585F6C00B09439 /* LaunchScreen.xib */ = {
			isa = PBXVariantGroup;
			children = (
				3039511D1A585F6C00B09439 /* Base */,
			);
			name = LaunchScreen.xib;
			sourceTree = "<group>";
		};
/* End PBXVariantGroup section */

/* Begin XCBuildConfiguration section */
		3039512B1A585F6C00B09439 /* Debug */ = {
			isa = XCBuildConfiguration;
			buildSettings = {
				ALWAYS_SEARCH_USER_PATHS = NO;
				CLANG_CXX_LANGUAGE_STANDARD = "gnu++0x";
				CLANG_CXX_LIBRARY = "libc++";
				CLANG_ENABLE_MODULES = YES;
				CLANG_ENABLE_OBJC_ARC = YES;
				CLANG_WARN_BOOL_CONVERSION = YES;
				CLANG_WARN_CONSTANT_CONVERSION = YES;
				CLANG_WARN_DIRECT_OBJC_ISA_USAGE = YES_ERROR;
				CLANG_WARN_EMPTY_BODY = YES;
				CLANG_WARN_ENUM_CONVERSION = YES;
				CLANG_WARN_INT_CONVERSION = YES;
				CLANG_WARN_OBJC_ROOT_CLASS = YES_ERROR;
				CLANG_WARN_UNREACHABLE_CODE = YES;
				CLANG_WARN__DUPLICATE_METHOD_MATCH = YES;
				"CODE_SIGN_IDENTITY[sdk=iphoneos*]" = "iPhone Developer";
				COPY_PHASE_STRIP = NO;
				ENABLE_STRICT_OBJC_MSGSEND = YES;
				GCC_C_LANGUAGE_STANDARD = gnu99;
				GCC_DYNAMIC_NO_PIC = NO;
				GCC_OPTIMIZATION_LEVEL = 0;
				GCC_PREPROCESSOR_DEFINITIONS = (
					"DEBUG=1",
					"$(inherited)",
				);
				GCC_SYMBOLS_PRIVATE_EXTERN = NO;
				GCC_WARN_64_TO_32_BIT_CONVERSION = YES;
				GCC_WARN_ABOUT_RETURN_TYPE = YES_ERROR;
				GCC_WARN_UNDECLARED_SELECTOR = YES;
				GCC_WARN_UNINITIALIZED_AUTOS = YES_AGGRESSIVE;
				GCC_WARN_UNUSED_FUNCTION = YES;
				GCC_WARN_UNUSED_VARIABLE = YES;
				IPHONEOS_DEPLOYMENT_TARGET = 8.1;
				MTL_ENABLE_DEBUG_INFO = YES;
				ONLY_ACTIVE_ARCH = YES;
				SDKROOT = iphoneos;
			};
			name = Debug;
		};
		3039512C1A585F6C00B09439 /* Release */ = {
			isa = XCBuildConfiguration;
			buildSettings = {
				ALWAYS_SEARCH_USER_PATHS = NO;
				CLANG_CXX_LANGUAGE_STANDARD = "gnu++0x";
				CLANG_CXX_LIBRARY = "libc++";
				CLANG_ENABLE_MODULES = YES;
				CLANG_ENABLE_OBJC_ARC = YES;
				CLANG_WARN_BOOL_CONVERSION = YES;
				CLANG_WARN_CONSTANT_CONVERSION = YES;
				CLANG_WARN_DIRECT_OBJC_ISA_USAGE = YES_ERROR;
				CLANG_WARN_EMPTY_BODY = YES;
				CLANG_WARN_ENUM_CONVERSION = YES;
				CLANG_WARN_INT_CONVERSION = YES;
				CLANG_WARN_OBJC_ROOT_CLASS = YES_ERROR;
				CLANG_WARN_UNREACHABLE_CODE = YES;
				CLANG_WARN__DUPLICATE_METHOD_MATCH = YES;
				"CODE_SIGN_IDENTITY[sdk=iphoneos*]" = "iPhone Developer";
				COPY_PHASE_STRIP = YES;
				ENABLE_NS_ASSERTIONS = NO;
				ENABLE_STRICT_OBJC_MSGSEND = YES;
				GCC_C_LANGUAGE_STANDARD = gnu99;
				GCC_WARN_64_TO_32_BIT_CONVERSION = YES;
				GCC_WARN_ABOUT_RETURN_TYPE = YES_ERROR;
				GCC_WARN_UNDECLARED_SELECTOR = YES;
				GCC_WARN_UNINITIALIZED_AUTOS = YES_AGGRESSIVE;
				GCC_WARN_UNUSED_FUNCTION = YES;
				GCC_WARN_UNUSED_VARIABLE = YES;
				IPHONEOS_DEPLOYMENT_TARGET = 8.1;
				MTL_ENABLE_DEBUG_INFO = NO;
				SDKROOT = iphoneos;
				VALIDATE_PRODUCT = YES;
			};
			name = Release;
		};
		3039512E1A585F6C00B09439 /* Debug */ = {
			isa = XCBuildConfiguration;
			buildSettings = {
				ASSETCATALOG_COMPILER_APPICON_NAME = AppIcon;
				INFOPLIST_FILE = 1/Info.plist;
				LD_RUNPATH_SEARCH_PATHS = "$(inherited) @executable_path/Frameworks";
				PRODUCT_NAME = "$(TARGET_NAME)";
			};
			name = Debug;
		};
		3039512F1A585F6C00B09439 /* Release */ = {
			isa = XCBuildConfiguration;
			buildSettings = {
				ASSETCATALOG_COMPILER_APPICON_NAME = AppIcon;
				INFOPLIST_FILE = 1/Info.plist;
				LD_RUNPATH_SEARCH_PATHS = "$(inherited) @executable_path/Frameworks";
				PRODUCT_NAME = "$(TARGET_NAME)";
			};
			name = Release;
		};
		303951311A585F6C00B09439 /* Debug */ = {
			isa = XCBuildConfiguration;
			buildSettings = {
				BUNDLE_LOADER = "$(TEST_HOST)";
				FRAMEWORK_SEARCH_PATHS = (
					"$(SDKROOT)/Developer/Library/Frameworks",
					"$(inherited)",
				);
				GCC_PREPROCESSOR_DEFINITIONS = (
					"DEBUG=1",
					"$(inherited)",
				);
				INFOPLIST_FILE = 1Tests/Info.plist;
				LD_RUNPATH_SEARCH_PATHS = "$(inherited) @executable_path/Frameworks @loader_path/Frameworks";
				PRODUCT_NAME = "$(TARGET_NAME)";
				TEST_HOST = "$(BUILT_PRODUCTS_DIR)/1.app/1";
			};
			name = Debug;
		};
		303951321A585F6C00B09439 /* Release */ = {
			isa = XCBuildConfiguration;
			buildSettings = {
				BUNDLE_LOADER = "$(TEST_HOST)";
				FRAMEWORK_SEARCH_PATHS = (
					"$(SDKROOT)/Developer/Library/Frameworks",
					"$(inherited)",
				);
				INFOPLIST_FILE = 1Tests/Info.plist;
				LD_RUNPATH_SEARCH_PATHS = "$(inherited) @executable_path/Frameworks @loader_path/Frameworks";
				PRODUCT_NAME = "$(TARGET_NAME)";
				TEST_HOST = "$(BUILT_PRODUCTS_DIR)/1.app/1";
			};
			name = Release;
		};
/* End XCBuildConfiguration section */

/* Begin XCConfigurationList section */
		303951051A585F6C00B09439 /* Build configuration list for PBXProject "1" */ = {
			isa = XCConfigurationList;
			buildConfigurations = (
				3039512B1A585F6C00B09439 /* Debug */,
				3039512C1A585F6C00B09439 /* Release */,
			);
			defaultConfigurationIsVisible = 0;
			defaultConfigurationName = Release;
		};
		3039512D1A585F6C00B09439 /* Build configuration list for PBXNativeTarget "1" */ = {
			isa = XCConfigurationList;
			buildConfigurations = (
				3039512E1A585F6C00B09439 /* Debug */,
				3039512F1A585F6C00B09439 /* Release */,
			);
			defaultConfigurationIsVisible = 0;
		};
		303951301A585F6C00B09439 /* Build configuration list for PBXNativeTarget "1Tests" */ = {
			isa = XCConfigurationList;
			buildConfigurations = (
				303951311A585F6C00B09439 /* Debug */,
				303951321A585F6C00B09439 /* Release */,
			);
			defaultConfigurationIsVisible = 0;
		};
/* End XCConfigurationList section */
	};
	rootObject = 303951021A585F6C00B09439 /* Project object */;
}
